
Microsoft Visual Studio Solution File, Format Version 12.00
# Visual Studio 15
VisualStudioVersion = 15.0.27428.2043
MinimumVisualStudioVersion = 10.0.40219.1
Project("{E24C65DC-7377-472B-9ABA-BC803B73C61A}") = "PressfordNews", "PressfordNews", "{47AFFBF5-F71F-4228-BCD3-4F0DA64CE1C5}"
	ProjectSection(WebsiteProperties) = preProject
		TargetFrameworkMoniker = ".NETFramework,Version%3Dv4.6.1"
		Debug.AspNetCompiler.VirtualPath = "/localhost_59948"
		Debug.AspNetCompiler.PhysicalPath = "PressfordNews\"
		Debug.AspNetCompiler.TargetPath = "PrecompiledWeb\localhost_59948\"
		Debug.AspNetCompiler.Updateable = "true"
		Debug.AspNetCompiler.ForceOverwrite = "true"
		Debug.AspNetCompiler.FixedNames = "false"
		Debug.AspNetCompiler.Debug = "True"
		Release.AspNetCompiler.VirtualPath = "/localhost_59948"
		Release.AspNetCompiler.PhysicalPath = "PressfordNews\"
		Release.AspNetCompiler.TargetPath = "PrecompiledWeb\localhost_59948\"
		Release.AspNetCompiler.Updateable = "true"
		Release.AspNetCompiler.ForceOverwrite = "true"
		Release.AspNetCompiler.FixedNames = "false"
		Release.AspNetCompiler.Debug = "False"
		VWDPort = "59948"
		SlnRelativePath = "PressfordNews\"
		DefaultWebSiteLanguage = "Visual C#"
	EndProjectSection
EndProject
Project("{FAE04EC0-301F-11D3-BF4B-00C04F79EFBC}") = "PressfordNews.Service", "PressfordNews.Service\PressfordNews.Service.csproj", "{63DB324C-E1AB-4CFF-890C-689C792BA828}"
EndProject
Global
	GlobalSection(SolutionConfigurationPlatforms) = preSolution
		Debug|Any CPU = Debug|Any CPU
		Release|Any CPU = Release|Any CPU
	EndGlobalSection
	GlobalSection(ProjectConfigurationPlatforms) = postSolution
		{47AFFBF5-F71F-4228-BCD3-4F0DA64CE1C5}.Debug|Any CPU.ActiveCfg = Debug|Any CPU
		{47AFFBF5-F71F-4228-BCD3-4F0DA64CE1C5}.Debug|Any CPU.Build.0 = Debug|Any CPU
		{47AFFBF5-F71F-4228-BCD3-4F0DA64CE1C5}.Release|Any CPU.ActiveCfg = Debug|Any CPU
		{47AFFBF5-F71F-4228-BCD3-4F0DA64CE1C5}.Release|Any CPU.Build.0 = Debug|Any CPU
		{63DB324C-E1AB-4CFF-890C-689C792BA828}.Debug|Any CPU.ActiveCfg = Debug|Any CPU
		{63DB324C-E1AB-4CFF-890C-689C792BA828}.Debug|Any CPU.Build.0 = Debug|Any CPU
		{63DB324C-E1AB-4CFF-890C-689C792BA828}.Release|Any CPU.ActiveCfg = Release|Any CPU
		{63DB324C-E1AB-4CFF-890C-689C792BA828}.Release|Any CPU.Build.0 = Release|Any CPU
	EndGlobalSection
	GlobalSection(SolutionProperties) = preSolution
		HideSolutionNode = FALSE
	EndGlobalSection
	GlobalSection(ExtensibilityGlobals) = postSolution
		SolutionGuid = {50DA0582-413F-49E0-A7B6-EE3C3EE0DA7F}
	EndGlobalSection
EndGlobal
